
Microsoft Visual Studio Solution File, Format Version 12.00
# Visual Studio Version 16
VisualStudioVersion = 16.0.31829.152
MinimumVisualStudioVersion = 10.0.40219.1
Project("{FAE04EC0-301F-11D3-BF4B-00C04F79EFBC}") = "Projekt-Fight-Game", "Projekt-Fight-Game.csproj", "{C0183CE5-FB16-49F9-9266-6460453CCA0D}"
EndProject
Global
	GlobalSection(SolutionConfigurationPlatforms) = preSolution
		Debug|Any CPU = Debug|Any CPU
		Release|Any CPU = Release|Any CPU
	EndGlobalSection
	GlobalSection(ProjectConfigurationPlatforms) = postSolution
		{C0183CE5-FB16-49F9-9266-6460453CCA0D}.Debug|Any CPU.ActiveCfg = Debug|Any CPU
		{C0183CE5-FB16-49F9-9266-6460453CCA0D}.Debug|Any CPU.Build.0 = Debug|Any CPU
		{C0183CE5-FB16-49F9-9266-6460453CCA0D}.Release|Any CPU.ActiveCfg = Release|Any CPU
		{C0183CE5-FB16-49F9-9266-6460453CCA0D}.Release|Any CPU.Build.0 = Release|Any CPU
	EndGlobalSection
	GlobalSection(SolutionProperties) = preSolution
		HideSolutionNode = FALSE
	EndGlobalSection
	GlobalSection(ExtensibilityGlobals) = postSolution
		SolutionGuid = {52A107B2-D81A-444D-BA1D-A239553064C0}
	EndGlobalSection
EndGlobal
